Microsoft Visual Studio Solution File, Format Version 12.00
# Visual Studio Version 17
VisualStudioVersion = 17.5.2.0
MinimumVisualStudioVersion = 10.0.40219.1
Project("{FAE04EC0-301F-11D3-BF4B-00C04F79EFBC}") = "BlazorPostgres", "BlazorPostgres.csproj", "{D23D59C0-5166-B5B2-2EBE-09B9139254FF}"
EndProject
Global
	GlobalSection(SolutionConfigurationPlatforms) = preSolution
		Debug|Any CPU = Debug|Any CPU
		Release|Any CPU = Release|Any CPU
	EndGlobalSection
	GlobalSection(ProjectConfigurationPlatforms) = postSolution
		{D23D59C0-5166-B5B2-2EBE-09B9139254FF}.Debug|Any CPU.ActiveCfg = Debug|Any CPU
		{D23D59C0-5166-B5B2-2EBE-09B9139254FF}.Debug|Any CPU.Build.0 = Debug|Any CPU
		{D23D59C0-5166-B5B2-2EBE-09B9139254FF}.Release|Any CPU.ActiveCfg = Release|Any CPU
		{D23D59C0-5166-B5B2-2EBE-09B9139254FF}.Release|Any CPU.Build.0 = Release|Any CPU
	EndGlobalSection
	GlobalSection(SolutionProperties) = preSolution
		HideSolutionNode = FALSE
	EndGlobalSection
	GlobalSection(ExtensibilityGlobals) = postSolution
		SolutionGuid = {248B839B-027B-4E35-9071-D3BBB7647FA2}
	EndGlobalSection
EndGlobal
